
Microsoft Visual Studio Solution File, Format Version 12.00
# Visual Studio Version 17
VisualStudioVersion = 17.11.35327.3
MinimumVisualStudioVersion = 10.0.40219.1
Project("{FAE04EC0-301F-11D3-BF4B-00C04F79EFBC}") = "Assignment 7.3 Question 3", "Assignment 7.3 Question 3.csproj", "{C2687CCF-89FB-4E64-95C9-B548519563D9}"
EndProject
Global
	GlobalSection(SolutionConfigurationPlatforms) = preSolution
		Debug|Any CPU = Debug|Any CPU
		Release|Any CPU = Release|Any CPU
	EndGlobalSection
	GlobalSection(ProjectConfigurationPlatforms) = postSolution
		{C2687CCF-89FB-4E64-95C9-B548519563D9}.Debug|Any CPU.ActiveCfg = Debug|Any CPU
		{C2687CCF-89FB-4E64-95C9-B548519563D9}.Debug|Any CPU.Build.0 = Debug|Any CPU
		{C2687CCF-89FB-4E64-95C9-B548519563D9}.Release|Any CPU.ActiveCfg = Release|Any CPU
		{C2687CCF-89FB-4E64-95C9-B548519563D9}.Release|Any CPU.Build.0 = Release|Any CPU
	EndGlobalSection
	GlobalSection(SolutionProperties) = preSolution
		HideSolutionNode = FALSE
	EndGlobalSection
	GlobalSection(ExtensibilityGlobals) = postSolution
		SolutionGuid = {79D60F55-EFB6-4EB1-BA64-2148355CF8AB}
	EndGlobalSection
EndGlobal
